
Microsoft Visual Studio Solution File, Format Version 12.00
# Visual Studio Version 17
VisualStudioVersion = 17.10.35004.147
MinimumVisualStudioVersion = 10.0.40219.1
Project("{9A19103F-16F7-4668-BE54-9A1E7A4F7556}") = "ServerApp", "ServerApp\ServerApp.csproj", "{927D4A7B-CBF6-4EFD-9C09-A621EBD94E94}"
EndProject
Project("{9A19103F-16F7-4668-BE54-9A1E7A4F7556}") = "ServerAppTest", "ServerAppTest\ServerAppTest.csproj", "{B83EC4AA-22FF-454B-8804-79595768BC64}"
EndProject
Project("{FAE04EC0-301F-11D3-BF4B-00C04F79EFBC}") = "BatchServiceTest", "BatchServiceTest\BatchServiceTest.csproj", "{9261C273-52E1-4946-B841-F9F4BF28A9D5}"
EndProject
Global
	GlobalSection(SolutionConfigurationPlatforms) = preSolution
		Debug|Any CPU = Debug|Any CPU
		Release|Any CPU = Release|Any CPU
	EndGlobalSection
	GlobalSection(ProjectConfigurationPlatforms) = postSolution
		{927D4A7B-CBF6-4EFD-9C09-A621EBD94E94}.Debug|Any CPU.ActiveCfg = Debug|Any CPU
		{927D4A7B-CBF6-4EFD-9C09-A621EBD94E94}.Debug|Any CPU.Build.0 = Debug|Any CPU
		{927D4A7B-CBF6-4EFD-9C09-A621EBD94E94}.Release|Any CPU.ActiveCfg = Release|Any CPU
		{927D4A7B-CBF6-4EFD-9C09-A621EBD94E94}.Release|Any CPU.Build.0 = Release|Any CPU
		{B83EC4AA-22FF-454B-8804-79595768BC64}.Debug|Any CPU.ActiveCfg = Debug|Any CPU
		{B83EC4AA-22FF-454B-8804-79595768BC64}.Debug|Any CPU.Build.0 = Debug|Any CPU
		{B83EC4AA-22FF-454B-8804-79595768BC64}.Release|Any CPU.ActiveCfg = Release|Any CPU
		{B83EC4AA-22FF-454B-8804-79595768BC64}.Release|Any CPU.Build.0 = Release|Any CPU
		{9261C273-52E1-4946-B841-F9F4BF28A9D5}.Debug|Any CPU.ActiveCfg = Debug|Any CPU
		{9261C273-52E1-4946-B841-F9F4BF28A9D5}.Debug|Any CPU.Build.0 = Debug|Any CPU
		{9261C273-52E1-4946-B841-F9F4BF28A9D5}.Release|Any CPU.ActiveCfg = Release|Any CPU
		{9261C273-52E1-4946-B841-F9F4BF28A9D5}.Release|Any CPU.Build.0 = Release|Any CPU
	EndGlobalSection
	GlobalSection(SolutionProperties) = preSolution
		HideSolutionNode = FALSE
	EndGlobalSection
	GlobalSection(ExtensibilityGlobals) = postSolution
		SolutionGuid = {87CDB760-3DF7-4D59-87AC-C93F24BE8DC4}
	EndGlobalSection
EndGlobal
